
Microsoft Visual Studio Solution File, Format Version 12.00
# Visual Studio Version 16
VisualStudioVersion = 16.0.30413.136
MinimumVisualStudioVersion = 10.0.40219.1
Project("{9A19103F-16F7-4668-BE54-9A1E7A4F7556}") = "HealthyRecord", "HealthyRecord\HealthyRecord.csproj", "{653F0BCE-263D-40F1-80DF-1B9CFD8F09B1}"
EndProject
Project("{FAE04EC0-301F-11D3-BF4B-00C04F79EFBC}") = "HealthyRecord.Test", "HealthyRecord.Test\HealthyRecord.Test.csproj", "{556FCDF4-4888-4113-AD6C-6FF18E70423F}"
EndProject
Global
	GlobalSection(SolutionConfigurationPlatforms) = preSolution
		Debug|Any CPU = Debug|Any CPU
		Release|Any CPU = Release|Any CPU
	EndGlobalSection
	GlobalSection(ProjectConfigurationPlatforms) = postSolution
		{653F0BCE-263D-40F1-80DF-1B9CFD8F09B1}.Debug|Any CPU.ActiveCfg = Debug|Any CPU
		{653F0BCE-263D-40F1-80DF-1B9CFD8F09B1}.Debug|Any CPU.Build.0 = Debug|Any CPU
		{653F0BCE-263D-40F1-80DF-1B9CFD8F09B1}.Release|Any CPU.ActiveCfg = Release|Any CPU
		{653F0BCE-263D-40F1-80DF-1B9CFD8F09B1}.Release|Any CPU.Build.0 = Release|Any CPU
		{556FCDF4-4888-4113-AD6C-6FF18E70423F}.Debug|Any CPU.ActiveCfg = Debug|Any CPU
		{556FCDF4-4888-4113-AD6C-6FF18E70423F}.Debug|Any CPU.Build.0 = Debug|Any CPU
		{556FCDF4-4888-4113-AD6C-6FF18E70423F}.Release|Any CPU.ActiveCfg = Release|Any CPU
		{556FCDF4-4888-4113-AD6C-6FF18E70423F}.Release|Any CPU.Build.0 = Release|Any CPU
	EndGlobalSection
	GlobalSection(SolutionProperties) = preSolution
		HideSolutionNode = FALSE
	EndGlobalSection
	GlobalSection(ExtensibilityGlobals) = postSolution
		SolutionGuid = {11D1AFDF-AC39-4000-85BF-2BB5B0F36758}
	EndGlobalSection
EndGlobal
