
Microsoft Visual Studio Solution File, Format Version 12.00
# Visual Studio Version 16
VisualStudioVersion = 16.0.30413.136
MinimumVisualStudioVersion = 10.0.40219.1
Project("{9A19103F-16F7-4668-BE54-9A1E7A4F7556}") = "CSharpLearning_2020BGC", "CSharpLearning_2020BGC.csproj", "{33F7E571-0592-4DBD-B967-7A6F21A4AC01}"
EndProject
Project("{9A19103F-16F7-4668-BE54-9A1E7A4F7556}") = "TestException", "..\TestException\TestException.csproj", "{6577DA4E-0754-4C1C-9CFC-6AF8688CC5B0}"
EndProject
Project("{9A19103F-16F7-4668-BE54-9A1E7A4F7556}") = "Smoothie", "Smoothie\Smoothie.csproj", "{B2E0F0DE-9DFE-4912-AEFD-80549113BC68}"
EndProject
Project("{9A19103F-16F7-4668-BE54-9A1E7A4F7556}") = "MaxMin", "MaxMin\MaxMin.csproj", "{34922BCF-3FD9-45C7-BC9B-3EA90B7DD2D5}"
EndProject
Project("{9A19103F-16F7-4668-BE54-9A1E7A4F7556}") = "LeastCommonMultiple", "LeastCommonMultiple\LeastCommonMultiple.csproj", "{CA82CD21-148B-4E36-B7CC-2A2DB55CE545}"
EndProject
Project("{9A19103F-16F7-4668-BE54-9A1E7A4F7556}") = "SortingAlgorithm", "SortingAlgorithm\SortingAlgorithm.csproj", "{60A546E0-9A89-4903-B65B-A7437E3480F2}"
EndProject
Project("{9A19103F-16F7-4668-BE54-9A1E7A4F7556}") = "QueryAlgorithm", "QueryAlgorithm\QueryAlgorithm.csproj", "{008505BA-0B78-4CB1-B0F3-6CFA686D9E0B}"
EndProject
Project("{9A19103F-16F7-4668-BE54-9A1E7A4F7556}") = "QueryAlgorithm.Tests", "QueryAlgorithm.Tests\QueryAlgorithm.Tests.csproj", "{6FF29F85-8D2E-4F68-9B29-6123A53C5CE7}"
EndProject
Project("{9A19103F-16F7-4668-BE54-9A1E7A4F7556}") = "ShapeProject", "ShapeProject\ShapeProject.csproj", "{1CD02AA9-B9F4-4FC1-BF33-8DA0A81E9E8E}"
EndProject
Project("{9A19103F-16F7-4668-BE54-9A1E7A4F7556}") = "ShapeProject.Tests", "ShapeProject.Tests\ShapeProject.Tests.csproj", "{BD7227CF-900E-43CE-86C9-932248603D2F}"
EndProject
Project("{9A19103F-16F7-4668-BE54-9A1E7A4F7556}") = "SortingAlgorithm.Tests", "SortingAlgorithm.Tests\SortingAlgorithm.Tests.csproj", "{B0171414-D550-4C15-89D0-FB0910C51FED}"
EndProject
Project("{9A19103F-16F7-4668-BE54-9A1E7A4F7556}") = "StatusRecording", "StatusRecording\StatusRecording.csproj", "{D2D8AFA3-33F3-472F-86A3-34F9D9383E10}"
EndProject
Project("{9A19103F-16F7-4668-BE54-9A1E7A4F7556}") = "OrganisedStatusRecording", "OrganisedStatusRecording\OrganisedStatusRecording.csproj", "{B05C94F7-7022-4ACF-AC6F-A60FE9F9CE36}"
EndProject
Project("{9A19103F-16F7-4668-BE54-9A1E7A4F7556}") = "Script", "Script\Script.csproj", "{35F7EAA0-EC38-4D2D-AF38-CD3C52391436}"
EndProject
Project("{9A19103F-16F7-4668-BE54-9A1E7A4F7556}") = "SockPairs", "SockPairs\SockPairs.csproj", "{D2D7E609-A9CE-4E64-8F17-94CDF6362994}"
EndProject
Project("{FAE04EC0-301F-11D3-BF4B-00C04F79EFBC}") = "CompareString", "CompareString\CompareString.csproj", "{29CC4146-DBB7-4906-A4D6-483043EE6B71}"
EndProject
Project("{FAE04EC0-301F-11D3-BF4B-00C04F79EFBC}") = "CompareStringTest", "CompareStringTest\CompareStringTest.csproj", "{53F006EF-574F-460D-8136-5C3EB58CE673}"
EndProject
Project("{FAE04EC0-301F-11D3-BF4B-00C04F79EFBC}") = "SockPairsTest", "SockPairsTest\SockPairsTest.csproj", "{8769A634-D71B-4356-B03E-7B886012CFBA}"
EndProject
Global
	GlobalSection(SolutionConfigurationPlatforms) = preSolution
		Debug|Any CPU = Debug|Any CPU
		Release|Any CPU = Release|Any CPU
	EndGlobalSection
	GlobalSection(ProjectConfigurationPlatforms) = postSolution
		{33F7E571-0592-4DBD-B967-7A6F21A4AC01}.Debug|Any CPU.ActiveCfg = Debug|Any CPU
		{33F7E571-0592-4DBD-B967-7A6F21A4AC01}.Debug|Any CPU.Build.0 = Debug|Any CPU
		{33F7E571-0592-4DBD-B967-7A6F21A4AC01}.Release|Any CPU.ActiveCfg = Release|Any CPU
		{33F7E571-0592-4DBD-B967-7A6F21A4AC01}.Release|Any CPU.Build.0 = Release|Any CPU
		{6577DA4E-0754-4C1C-9CFC-6AF8688CC5B0}.Debug|Any CPU.ActiveCfg = Debug|Any CPU
		{6577DA4E-0754-4C1C-9CFC-6AF8688CC5B0}.Debug|Any CPU.Build.0 = Debug|Any CPU
		{6577DA4E-0754-4C1C-9CFC-6AF8688CC5B0}.Release|Any CPU.ActiveCfg = Release|Any CPU
		{6577DA4E-0754-4C1C-9CFC-6AF8688CC5B0}.Release|Any CPU.Build.0 = Release|Any CPU
		{B2E0F0DE-9DFE-4912-AEFD-80549113BC68}.Debug|Any CPU.ActiveCfg = Debug|Any CPU
		{B2E0F0DE-9DFE-4912-AEFD-80549113BC68}.Debug|Any CPU.Build.0 = Debug|Any CPU
		{B2E0F0DE-9DFE-4912-AEFD-80549113BC68}.Release|Any CPU.ActiveCfg = Release|Any CPU
		{B2E0F0DE-9DFE-4912-AEFD-80549113BC68}.Release|Any CPU.Build.0 = Release|Any CPU
		{34922BCF-3FD9-45C7-BC9B-3EA90B7DD2D5}.Debug|Any CPU.ActiveCfg = Debug|Any CPU
		{34922BCF-3FD9-45C7-BC9B-3EA90B7DD2D5}.Debug|Any CPU.Build.0 = Debug|Any CPU
		{34922BCF-3FD9-45C7-BC9B-3EA90B7DD2D5}.Release|Any CPU.ActiveCfg = Release|Any CPU
		{34922BCF-3FD9-45C7-BC9B-3EA90B7DD2D5}.Release|Any CPU.Build.0 = Release|Any CPU
		{CA82CD21-148B-4E36-B7CC-2A2DB55CE545}.Debug|Any CPU.ActiveCfg = Debug|Any CPU
		{CA82CD21-148B-4E36-B7CC-2A2DB55CE545}.Debug|Any CPU.Build.0 = Debug|Any CPU
		{CA82CD21-148B-4E36-B7CC-2A2DB55CE545}.Release|Any CPU.ActiveCfg = Release|Any CPU
		{CA82CD21-148B-4E36-B7CC-2A2DB55CE545}.Release|Any CPU.Build.0 = Release|Any CPU
		{60A546E0-9A89-4903-B65B-A7437E3480F2}.Debug|Any CPU.ActiveCfg = Debug|Any CPU
		{60A546E0-9A89-4903-B65B-A7437E3480F2}.Debug|Any CPU.Build.0 = Debug|Any CPU
		{60A546E0-9A89-4903-B65B-A7437E3480F2}.Release|Any CPU.ActiveCfg = Release|Any CPU
		{60A546E0-9A89-4903-B65B-A7437E3480F2}.Release|Any CPU.Build.0 = Release|Any CPU
		{008505BA-0B78-4CB1-B0F3-6CFA686D9E0B}.Debug|Any CPU.ActiveCfg = Debug|Any CPU
		{008505BA-0B78-4CB1-B0F3-6CFA686D9E0B}.Debug|Any CPU.Build.0 = Debug|Any CPU
		{008505BA-0B78-4CB1-B0F3-6CFA686D9E0B}.Release|Any CPU.ActiveCfg = Release|Any CPU
		{008505BA-0B78-4CB1-B0F3-6CFA686D9E0B}.Release|Any CPU.Build.0 = Release|Any CPU
		{6FF29F85-8D2E-4F68-9B29-6123A53C5CE7}.Debug|Any CPU.ActiveCfg = Debug|Any CPU
		{6FF29F85-8D2E-4F68-9B29-6123A53C5CE7}.Debug|Any CPU.Build.0 = Debug|Any CPU
		{6FF29F85-8D2E-4F68-9B29-6123A53C5CE7}.Release|Any CPU.ActiveCfg = Release|Any CPU
		{6FF29F85-8D2E-4F68-9B29-6123A53C5CE7}.Release|Any CPU.Build.0 = Release|Any CPU
		{1CD02AA9-B9F4-4FC1-BF33-8DA0A81E9E8E}.Debug|Any CPU.ActiveCfg = Debug|Any CPU
		{1CD02AA9-B9F4-4FC1-BF33-8DA0A81E9E8E}.Debug|Any CPU.Build.0 = Debug|Any CPU
		{1CD02AA9-B9F4-4FC1-BF33-8DA0A81E9E8E}.Release|Any CPU.ActiveCfg = Release|Any CPU
		{1CD02AA9-B9F4-4FC1-BF33-8DA0A81E9E8E}.Release|Any CPU.Build.0 = Release|Any CPU
		{BD7227CF-900E-43CE-86C9-932248603D2F}.Debug|Any CPU.ActiveCfg = Debug|Any CPU
		{BD7227CF-900E-43CE-86C9-932248603D2F}.Debug|Any CPU.Build.0 = Debug|Any CPU
		{BD7227CF-900E-43CE-86C9-932248603D2F}.Release|Any CPU.ActiveCfg = Release|Any CPU
		{BD7227CF-900E-43CE-86C9-932248603D2F}.Release|Any CPU.Build.0 = Release|Any CPU
		{B0171414-D550-4C15-89D0-FB0910C51FED}.Debug|Any CPU.ActiveCfg = Debug|Any CPU
		{B0171414-D550-4C15-89D0-FB0910C51FED}.Debug|Any CPU.Build.0 = Debug|Any CPU
		{B0171414-D550-4C15-89D0-FB0910C51FED}.Release|Any CPU.ActiveCfg = Release|Any CPU
		{B0171414-D550-4C15-89D0-FB0910C51FED}.Release|Any CPU.Build.0 = Release|Any CPU
		{D2D8AFA3-33F3-472F-86A3-34F9D9383E10}.Debug|Any CPU.ActiveCfg = Debug|Any CPU
		{D2D8AFA3-33F3-472F-86A3-34F9D9383E10}.Debug|Any CPU.Build.0 = Debug|Any CPU
		{D2D8AFA3-33F3-472F-86A3-34F9D9383E10}.Release|Any CPU.ActiveCfg = Release|Any CPU
		{D2D8AFA3-33F3-472F-86A3-34F9D9383E10}.Release|Any CPU.Build.0 = Release|Any CPU
		{B05C94F7-7022-4ACF-AC6F-A60FE9F9CE36}.Debug|Any CPU.ActiveCfg = Debug|Any CPU
		{B05C94F7-7022-4ACF-AC6F-A60FE9F9CE36}.Debug|Any CPU.Build.0 = Debug|Any CPU
		{B05C94F7-7022-4ACF-AC6F-A60FE9F9CE36}.Release|Any CPU.ActiveCfg = Release|Any CPU
		{B05C94F7-7022-4ACF-AC6F-A60FE9F9CE36}.Release|Any CPU.Build.0 = Release|Any CPU
		{35F7EAA0-EC38-4D2D-AF38-CD3C52391436}.Debug|Any CPU.ActiveCfg = Debug|Any CPU
		{35F7EAA0-EC38-4D2D-AF38-CD3C52391436}.Debug|Any CPU.Build.0 = Debug|Any CPU
		{35F7EAA0-EC38-4D2D-AF38-CD3C52391436}.Release|Any CPU.ActiveCfg = Release|Any CPU
		{35F7EAA0-EC38-4D2D-AF38-CD3C52391436}.Release|Any CPU.Build.0 = Release|Any CPU
		{D2D7E609-A9CE-4E64-8F17-94CDF6362994}.Debug|Any CPU.ActiveCfg = Debug|Any CPU
		{D2D7E609-A9CE-4E64-8F17-94CDF6362994}.Debug|Any CPU.Build.0 = Debug|Any CPU
		{D2D7E609-A9CE-4E64-8F17-94CDF6362994}.Release|Any CPU.ActiveCfg = Release|Any CPU
		{D2D7E609-A9CE-4E64-8F17-94CDF6362994}.Release|Any CPU.Build.0 = Release|Any CPU
		{29CC4146-DBB7-4906-A4D6-483043EE6B71}.Debug|Any CPU.ActiveCfg = Debug|Any CPU
		{29CC4146-DBB7-4906-A4D6-483043EE6B71}.Debug|Any CPU.Build.0 = Debug|Any CPU
		{29CC4146-DBB7-4906-A4D6-483043EE6B71}.Release|Any CPU.ActiveCfg = Release|Any CPU
		{29CC4146-DBB7-4906-A4D6-483043EE6B71}.Release|Any CPU.Build.0 = Release|Any CPU
		{53F006EF-574F-460D-8136-5C3EB58CE673}.Debug|Any CPU.ActiveCfg = Debug|Any CPU
		{53F006EF-574F-460D-8136-5C3EB58CE673}.Debug|Any CPU.Build.0 = Debug|Any CPU
		{53F006EF-574F-460D-8136-5C3EB58CE673}.Release|Any CPU.ActiveCfg = Release|Any CPU
		{53F006EF-574F-460D-8136-5C3EB58CE673}.Release|Any CPU.Build.0 = Release|Any CPU
		{8769A634-D71B-4356-B03E-7B886012CFBA}.Debug|Any CPU.ActiveCfg = Debug|Any CPU
		{8769A634-D71B-4356-B03E-7B886012CFBA}.Debug|Any CPU.Build.0 = Debug|Any CPU
		{8769A634-D71B-4356-B03E-7B886012CFBA}.Release|Any CPU.ActiveCfg = Release|Any CPU
		{8769A634-D71B-4356-B03E-7B886012CFBA}.Release|Any CPU.Build.0 = Release|Any CPU
	EndGlobalSection
	GlobalSection(SolutionProperties) = preSolution
		HideSolutionNode = FALSE
	EndGlobalSection
	GlobalSection(ExtensibilityGlobals) = postSolution
		SolutionGuid = {088B883C-5B66-4F1D-BF7D-42A93A4C06B4}
	EndGlobalSection
EndGlobal
